lockfileVersion: '9.0'

settings:
  autoInstallPeers: true
  excludeLinksFromLockfile: false
  injectWorkspacePackages: true

overrides:
  '@opentelemetry/api': ^1.9.0
  '@opentelemetry/core': ^1.25.1

importers:

  .:
    devDependencies:
      prettier:
        specifier: 3.6.2
        version: 3.6.2
      prettier-plugin-tailwindcss:
        specifier: 0.6.14
        version: 0.6.14(prettier@3.6.2)
      turbo:
        specifier: 2.5.8
        version: 2.5.8

packages:

  prettier-plugin-tailwindcss@0.6.14:
    resolution: {integrity: sha512-pi2e/+ZygeIqntN+vC573BcW5Cve8zUB0SSAGxqpB4f96boZF4M3phPVoOFCeypwkpRYdi7+jQ5YJJUwrkGUAg==}
    engines: {node: '>=14.21.3'}
    peerDependencies:
      '@ianvs/prettier-plugin-sort-imports': '*'
      '@prettier/plugin-hermes': '*'
      '@prettier/plugin-oxc': '*'
      '@prettier/plugin-pug': '*'
      '@shopify/prettier-plugin-liquid': '*'
      '@trivago/prettier-plugin-sort-imports': '*'
      '@zackad/prettier-plugin-twig': '*'
      prettier: ^3.0
      prettier-plugin-astro: '*'
      prettier-plugin-css-order: '*'
      prettier-plugin-import-sort: '*'
      prettier-plugin-jsdoc: '*'
      prettier-plugin-marko: '*'
      prettier-plugin-multiline-arrays: '*'
      prettier-plugin-organize-attributes: '*'
      prettier-plugin-organize-imports: '*'
      prettier-plugin-sort-imports: '*'
      prettier-plugin-style-order: '*'
      prettier-plugin-svelte: '*'
    peerDependenciesMeta:
      '@ianvs/prettier-plugin-sort-imports':
        optional: true
      '@prettier/plugin-hermes':
        optional: true
      '@prettier/plugin-oxc':
        optional: true
      '@prettier/plugin-pug':
        optional: true
      '@shopify/prettier-plugin-liquid':
        optional: true
      '@trivago/prettier-plugin-sort-imports':
        optional: true
      '@zackad/prettier-plugin-twig':
        optional: true
      prettier-plugin-astro:
        optional: true
      prettier-plugin-css-order:
        optional: true
      prettier-plugin-import-sort:
        optional: true
      prettier-plugin-jsdoc:
        optional: true
      prettier-plugin-marko:
        optional: true
      prettier-plugin-multiline-arrays:
        optional: true
      prettier-plugin-organize-attributes:
        optional: true
      prettier-plugin-organize-imports:
        optional: true
      prettier-plugin-sort-imports:
        optional: true
      prettier-plugin-style-order:
        optional: true
      prettier-plugin-svelte:
        optional: true

  prettier@3.6.2:
    resolution: {integrity: sha512-I7AIg5boAr5R0FFtJ6rCfD+LFsWHp81dolrFD8S79U9tb8Az2nGrJncnMSnys+bpQJfRUzqs9hnA81OAA3hCuQ==}
    engines: {node: '>=14'}
    hasBin: true

  turbo-darwin-64@2.5.8:
    resolution: {integrity: sha512-Dh5bCACiHO8rUXZLpKw+m3FiHtAp2CkanSyJre+SInEvEr5kIxjGvCK/8MFX8SFRjQuhjtvpIvYYZJB4AGCxNQ==}
    cpu: [x64]
    os: [darwin]

  turbo-darwin-arm64@2.5.8:
    resolution: {integrity: sha512-f1H/tQC9px7+hmXn6Kx/w8Jd/FneIUnvLlcI/7RGHunxfOkKJKvsoiNzySkoHQ8uq1pJnhJ0xNGTlYM48ZaJOQ==}
    cpu: [arm64]
    os: [darwin]

  turbo-linux-64@2.5.8:
    resolution: {integrity: sha512-hMyvc7w7yadBlZBGl/bnR6O+dJTx3XkTeyTTH4zEjERO6ChEs0SrN8jTFj1lueNXKIHh1SnALmy6VctKMGnWfw==}
    cpu: [x64]
    os: [linux]

  turbo-linux-arm64@2.5.8:
    resolution: {integrity: sha512-LQELGa7bAqV2f+3rTMRPnj5G/OHAe2U+0N9BwsZvfMvHSUbsQ3bBMWdSQaYNicok7wOZcHjz2TkESn1hYK6xIQ==}
    cpu: [arm64]
    os: [linux]

  turbo-windows-64@2.5.8:
    resolution: {integrity: sha512-3YdcaW34TrN1AWwqgYL9gUqmZsMT4T7g8Y5Azz+uwwEJW+4sgcJkIi9pYFyU4ZBSjBvkfuPZkGgfStir5BBDJQ==}
    cpu: [x64]
    os: [win32]

  turbo-windows-arm64@2.5.8:
    resolution: {integrity: sha512-eFC5XzLmgXJfnAK3UMTmVECCwuBcORrWdewoiXBnUm934DY6QN8YowC/srhNnROMpaKaqNeRpoB5FxCww3eteQ==}
    cpu: [arm64]
    os: [win32]

  turbo@2.5.8:
    resolution: {integrity: sha512-5c9Fdsr9qfpT3hA0EyYSFRZj1dVVsb6KIWubA9JBYZ/9ZEAijgUEae0BBR/Xl/wekt4w65/lYLTFaP3JmwSO8w==}
    hasBin: true

snapshots:

  prettier-plugin-tailwindcss@0.6.14(prettier@3.6.2):
    dependencies:
      prettier: 3.6.2

  prettier@3.6.2: {}

  turbo-darwin-64@2.5.8:
    optional: true

  turbo-darwin-arm64@2.5.8:
    optional: true

  turbo-linux-64@2.5.8:
    optional: true

  turbo-linux-arm64@2.5.8:
    optional: true

  turbo-windows-64@2.5.8:
    optional: true

  turbo-windows-arm64@2.5.8:
    optional: true

  turbo@2.5.8:
    optionalDependencies:
      turbo-darwin-64: 2.5.8
      turbo-darwin-arm64: 2.5.8
      turbo-linux-64: 2.5.8
      turbo-linux-arm64: 2.5.8
      turbo-windows-64: 2.5.8
      turbo-windows-arm64: 2.5.8
